
Microsoft Visual Studio Solution File, Format Version 12.00
# Visual Studio Version 17
VisualStudioVersion = 17.5.33627.172
MinimumVisualStudioVersion = 10.0.40219.1
Project("{FAE04EC0-301F-11D3-BF4B-00C04F79EFBC}") = "MapGo.Android", "MapGo\MapGo.Android\MapGo.Android.csproj", "{E6953BB9-B652-4702-B15D-A3BEE8AE75B9}"
EndProject
Project("{FAE04EC0-301F-11D3-BF4B-00C04F79EFBC}") = "MapGo.iOS", "MapGo\MapGo.iOS\MapGo.iOS.csproj", "{5B2AA169-4539-49BB-B80B-7C6A8565253A}"
EndProject
Project("{FAE04EC0-301F-11D3-BF4B-00C04F79EFBC}") = "MapGo", "MapGo\MapGo\MapGo.csproj", "{12E594B3-D3F5-4DF8-887A-00F72F76721D}"
EndProject
Global
	GlobalSection(SolutionConfigurationPlatforms) = preSolution
		Debug|Any CPU = Debug|Any CPU
		Debug|iPhone = Debug|iPhone
		Debug|iPhoneSimulator = Debug|iPhoneSimulator
		Release|Any CPU = Release|Any CPU
		Release|iPhone = Release|iPhone
		Release|iPhoneSimulator = Release|iPhoneSimulator
	EndGlobalSection
	GlobalSection(ProjectConfigurationPlatforms) = postSolution
		{E6953BB9-B652-4702-B15D-A3BEE8AE75B9}.Debug|Any CPU.ActiveCfg = Debug|Any CPU
		{E6953BB9-B652-4702-B15D-A3BEE8AE75B9}.Debug|Any CPU.Build.0 = Debug|Any CPU
		{E6953BB9-B652-4702-B15D-A3BEE8AE75B9}.Debug|Any CPU.Deploy.0 = Debug|Any CPU
		{E6953BB9-B652-4702-B15D-A3BEE8AE75B9}.Debug|iPhone.ActiveCfg = Debug|Any CPU
		{E6953BB9-B652-4702-B15D-A3BEE8AE75B9}.Debug|iPhone.Build.0 = Debug|Any CPU
		{E6953BB9-B652-4702-B15D-A3BEE8AE75B9}.Debug|iPhone.Deploy.0 = Debug|Any CPU
		{E6953BB9-B652-4702-B15D-A3BEE8AE75B9}.Debug|iPhoneSimulator.ActiveCfg = Debug|Any CPU
		{E6953BB9-B652-4702-B15D-A3BEE8AE75B9}.Debug|iPhoneSimulator.Build.0 = Debug|Any CPU
		{E6953BB9-B652-4702-B15D-A3BEE8AE75B9}.Debug|iPhoneSimulator.Deploy.0 = Debug|Any CPU
		{E6953BB9-B652-4702-B15D-A3BEE8AE75B9}.Release|Any CPU.ActiveCfg = Release|Any CPU
		{E6953BB9-B652-4702-B15D-A3BEE8AE75B9}.Release|Any CPU.Build.0 = Release|Any CPU
		{E6953BB9-B652-4702-B15D-A3BEE8AE75B9}.Release|Any CPU.Deploy.0 = Release|Any CPU
		{E6953BB9-B652-4702-B15D-A3BEE8AE75B9}.Release|iPhone.ActiveCfg = Release|Any CPU
		{E6953BB9-B652-4702-B15D-A3BEE8AE75B9}.Release|iPhone.Build.0 = Release|Any CPU
		{E6953BB9-B652-4702-B15D-A3BEE8AE75B9}.Release|iPhone.Deploy.0 = Release|Any CPU
		{E6953BB9-B652-4702-B15D-A3BEE8AE75B9}.Release|iPhoneSimulator.ActiveCfg = Release|Any CPU
		{E6953BB9-B652-4702-B15D-A3BEE8AE75B9}.Release|iPhoneSimulator.Build.0 = Release|Any CPU
		{E6953BB9-B652-4702-B15D-A3BEE8AE75B9}.Release|iPhoneSimulator.Deploy.0 = Release|Any CPU
		{5B2AA169-4539-49BB-B80B-7C6A8565253A}.Debug|Any CPU.ActiveCfg = Debug|iPhone
		{5B2AA169-4539-49BB-B80B-7C6A8565253A}.Debug|Any CPU.Build.0 = Debug|iPhone
		{5B2AA169-4539-49BB-B80B-7C6A8565253A}.Debug|Any CPU.Deploy.0 = Debug|iPhone
		{5B2AA169-4539-49BB-B80B-7C6A8565253A}.Debug|iPhone.ActiveCfg = Debug|iPhone
		{5B2AA169-4539-49BB-B80B-7C6A8565253A}.Debug|iPhone.Build.0 = Debug|iPhone
		{5B2AA169-4539-49BB-B80B-7C6A8565253A}.Debug|iPhone.Deploy.0 = Debug|iPhone
		{5B2AA169-4539-49BB-B80B-7C6A8565253A}.Debug|iPhoneSimulator.ActiveCfg = Debug|iPhoneSimulator
		{5B2AA169-4539-49BB-B80B-7C6A8565253A}.Debug|iPhoneSimulator.Build.0 = Debug|iPhoneSimulator
		{5B2AA169-4539-49BB-B80B-7C6A8565253A}.Debug|iPhoneSimulator.Deploy.0 = Debug|iPhoneSimulator
		{5B2AA169-4539-49BB-B80B-7C6A8565253A}.Release|Any CPU.ActiveCfg = Release|iPhoneSimulator
		{5B2AA169-4539-49BB-B80B-7C6A8565253A}.Release|Any CPU.Build.0 = Release|iPhoneSimulator
		{5B2AA169-4539-49BB-B80B-7C6A8565253A}.Release|Any CPU.Deploy.0 = Release|iPhoneSimulator
		{5B2AA169-4539-49BB-B80B-7C6A8565253A}.Release|iPhone.ActiveCfg = Release|iPhone
		{5B2AA169-4539-49BB-B80B-7C6A8565253A}.Release|iPhone.Build.0 = Release|iPhone
		{5B2AA169-4539-49BB-B80B-7C6A8565253A}.Release|iPhone.Deploy.0 = Release|iPhone
		{5B2AA169-4539-49BB-B80B-7C6A8565253A}.Release|iPhoneSimulator.ActiveCfg = Release|iPhoneSimulator
		{5B2AA169-4539-49BB-B80B-7C6A8565253A}.Release|iPhoneSimulator.Build.0 = Release|iPhoneSimulator
		{5B2AA169-4539-49BB-B80B-7C6A8565253A}.Release|iPhoneSimulator.Deploy.0 = Release|iPhoneSimulator
		{12E594B3-D3F5-4DF8-887A-00F72F76721D}.Debug|Any CPU.ActiveCfg = Debug|Any CPU
		{12E594B3-D3F5-4DF8-887A-00F72F76721D}.Debug|Any CPU.Build.0 = Debug|Any CPU
		{12E594B3-D3F5-4DF8-887A-00F72F76721D}.Debug|Any CPU.Deploy.0 = Debug|Any CPU
		{12E594B3-D3F5-4DF8-887A-00F72F76721D}.Debug|iPhone.ActiveCfg = Debug|Any CPU
		{12E594B3-D3F5-4DF8-887A-00F72F76721D}.Debug|iPhone.Build.0 = Debug|Any CPU
		{12E594B3-D3F5-4DF8-887A-00F72F76721D}.Debug|iPhone.Deploy.0 = Debug|Any CPU
		{12E594B3-D3F5-4DF8-887A-00F72F76721D}.Debug|iPhoneSimulator.ActiveCfg = Debug|Any CPU
		{12E594B3-D3F5-4DF8-887A-00F72F76721D}.Debug|iPhoneSimulator.Build.0 = Debug|Any CPU
		{12E594B3-D3F5-4DF8-887A-00F72F76721D}.Debug|iPhoneSimulator.Deploy.0 = Debug|Any CPU
		{12E594B3-D3F5-4DF8-887A-00F72F76721D}.Release|Any CPU.ActiveCfg = Release|Any CPU
		{12E594B3-D3F5-4DF8-887A-00F72F76721D}.Release|Any CPU.Build.0 = Release|Any CPU
		{12E594B3-D3F5-4DF8-887A-00F72F76721D}.Release|Any CPU.Deploy.0 = Release|Any CPU
		{12E594B3-D3F5-4DF8-887A-00F72F76721D}.Release|iPhone.ActiveCfg = Release|Any CPU
		{12E594B3-D3F5-4DF8-887A-00F72F76721D}.Release|iPhone.Build.0 = Release|Any CPU
		{12E594B3-D3F5-4DF8-887A-00F72F76721D}.Release|iPhone.Deploy.0 = Release|Any CPU
		{12E594B3-D3F5-4DF8-887A-00F72F76721D}.Release|iPhoneSimulator.ActiveCfg = Release|Any CPU
		{12E594B3-D3F5-4DF8-887A-00F72F76721D}.Release|iPhoneSimulator.Build.0 = Release|Any CPU
		{12E594B3-D3F5-4DF8-887A-00F72F76721D}.Release|iPhoneSimulator.Deploy.0 = Release|Any CPU
	EndGlobalSection
	GlobalSection(SolutionProperties) = preSolution
		HideSolutionNode = FALSE
	EndGlobalSection
	GlobalSection(ExtensibilityGlobals) = postSolution
		SolutionGuid = {DDA245CD-5361-4620-A239-90396E5CEC98}
	EndGlobalSection
EndGlobal
